{
  "name": "npm",
  "version": "1.0.0",
  "lockfileVersion": 1,
  "requires": true,
  "dependencies": {
    "delegates": {
      "version": "1.0.0",
      "resolved": "https://registry.npm.taobao.org/delegates/download/delegates-1.0.0.tgz",
      "integrity": "sha1-hMbhWbgZBP3KWaDvRM2HDTElD5o="
    },
    "events": {
      "version": "3.1.0",
      "resolved": "https://registry.npm.taobao.org/events/download/events-3.1.0.tgz",
      "integrity": "sha1-hCea8bNMt1qoi/X/KR9tC9mzGlk="
    },
    "is-docker": {
      "version": "2.0.0",
      "resolved": "https://registry.npm.taobao.org/is-docker/download/is-docker-2.0.0.tgz",
      "integrity": "sha1-LLDfDnXi0GT+GGTDfN6st7Lc8ls="
    },
    "is-wsl": {
      "version": "2.1.1",
      "resolved": "https://registry.npm.taobao.org/is-wsl/download/is-wsl-2.1.1.tgz",
      "integrity": "sha1-ShwVLUKd89RBZpSY4khtNZbrrx0="
    },
    "open": {
      "version": "7.0.3",
      "resolved": "https://registry.npm.taobao.org/open/download/open-7.0.3.tgz?cache=0&other_urls=https%3A%2F%2Fregistry.npm.taobao.org%2Fopen%2Fdownload%2Fopen-7.0.3.tgz",
      "integrity": "sha1-21UaGvnHq0x69mQTmTCCYThTHEg=",
      "requires": {
        "is-docker": "^2.0.0",
        "is-wsl": "^2.1.1"
      }
    },
    "parseurl": {
      "version": "1.3.3",
      "resolved": "https://registry.npm.taobao.org/parseurl/download/parseurl-1.3.3.tgz",
      "integrity": "sha1-naGee+6NEt/wUT7Vt2lXeTvC6NQ="
    },
    "querystring": {
      "version": "0.2.0",
      "resolved": "https://registry.npm.taobao.org/querystring/download/querystring-0.2.0.tgz",
      "integrity": "sha1-sgmEkgO7Jd+CDadW50cAWHhSFiA="
    },
    "statuses": {
      "version": "1.5.0",
      "resolved": "https://registry.npm.taobao.org/statuses/download/statuses-1.5.0.tgz",
      "integrity": "sha1-Fhx9rBd2Wf2YEfQ3cfqZOBR4Yow="
    }
  }
}
